{
    "version": 3,
    "terraform_version": "0.11.14",
    "serial": 6,
    "lineage": "8803fdb6-1d45-cca4-60df-27c97ac3eeed",
    "modules": [
        {
            "path": [
                "root"
            ],
            "outputs": {},
            "resources": {
                "aws_lambda_function.test_lambda": {
                    "type": "aws_lambda_function",
                    "depends_on": [],
                    "primary": {
                        "id": "lambda_function",
                        "attributes": {
                            "arn": "arn:aws:lambda:us-east-1:713287746880:function:lambda_function",
                            "dead_letter_config.#": "0",
                            "description": "",
                            "environment.#": "1",
                            "environment.0.variables.%": "1",
                            "environment.0.variables.foo": "bar",
                            "file_system_config.#": "0",
                            "filename": "lambda_function.zip",
                            "function_name": "lambda_function",
                            "handler": "exports.test",
                            "id": "lambda_function",
                            "invoke_arn": "arn:aws:apigateway:us-east-1:lambda:path/2015-03-31/functions/arn:aws:lambda:us-east-1:713287746880:function:lambda_function/invocations",
                            "kms_key_arn": "",
                            "last_modified": "2020-06-20T02:34:38.935+0000",
                            "layers.#": "0",
                            "memory_size": "128",
                            "publish": "false",
                            "qualified_arn": "arn:aws:lambda:us-east-1:713287746880:function:lambda_function:$LATEST",
                            "reserved_concurrent_executions": "-1",
                            "role": "arn:aws:iam::713287746880:role/service-role/adsf",
                            "runtime": "python2.7",
                            "source_code_hash": "yMPNzMFRqYbmLh6FmrjG025v8bjizOeW4JzRSwy54Bc=",
                            "source_code_size": "999",
                            "tags.%": "0",
                            "timeout": "3",
                            "tracing_config.#": "1",
                            "tracing_config.0.mode": "PassThrough",
                            "version": "$LATEST",
                            "vpc_config.#": "0"
                        },
                        "meta": {
                            "e2bfb730-ecaa-11e6-8f88-34363bc7c4c0": {
                                "create": 600000000000
                            }
                        },
                        "tainted": false
                    },
                    "deposed": [],
                    "provider": "provider.aws"
                }
            },
            "depends_on": []
        }
    ]
}
